// !$*UTF8*$!
{
	archiveVersion = 1;
	classes = {
	};
	objectVersion = 55;
	objects = {

/* Begin PBXBuildFile section */
		BB2AB60128E5E51000168951 /* MovieViewModel.swift in Sources */ = {isa = PBXBuildFile; fileRef = BB2AB60028E5E51000168951 /* MovieViewModel.swift */; };
		BB72900428DB5F9C008DF59F /* AddToFavorite.swift in Sources */ = {isa = PBXBuildFile; fileRef = BB72900328DB5F9C008DF59F /* AddToFavorite.swift */; };
		BB72900828DC8196008DF59F /* User.swift in Sources */ = {isa = PBXBuildFile; fileRef = BB72900728DC8196008DF59F /* User.swift */; };
		BB72900C28DC84C9008DF59F /* UserDetail.swift in Sources */ = {isa = PBXBuildFile; fileRef = BB72900B28DC84C9008DF59F /* UserDetail.swift */; };
		BB72900E28DC852A008DF59F /* UserThumbnail.swift in Sources */ = {isa = PBXBuildFile; fileRef = BB72900D28DC852A008DF59F /* UserThumbnail.swift */; };
		BBD80C8D28D9B11E00452151 /* MyMooviesApp.swift in Sources */ = {isa = PBXBuildFile; fileRef = BBD80C8C28D9B11E00452151 /* MyMooviesApp.swift */; };
		BBD80C8F28D9B11E00452151 /* ContentView.swift in Sources */ = {isa = PBXBuildFile; fileRef = BBD80C8E28D9B11E00452151 /* ContentView.swift */; };
		BBD80C9128D9B12100452151 /* Assets.xcassets in Resources */ = {isa = PBXBuildFile; fileRef = BBD80C9028D9B12100452151 /* Assets.xcassets */; };
		BBD80C9428D9B12100452151 /* Preview Assets.xcassets in Resources */ = {isa = PBXBuildFile; fileRef = BBD80C9328D9B12100452151 /* Preview Assets.xcassets */; };
		BBD80C9B28D9B14700452151 /* MovieDetail.swift in Sources */ = {isa = PBXBuildFile; fileRef = BBD80C9A28D9B14700452151 /* MovieDetail.swift */; };
		BBD80C9D28D9C53800452151 /* MovieList.swift in Sources */ = {isa = PBXBuildFile; fileRef = BBD80C9C28D9C53800452151 /* MovieList.swift */; };
		BBD80C9F28D9C57000452151 /* MovieRow.swift in Sources */ = {isa = PBXBuildFile; fileRef = BBD80C9E28D9C57000452151 /* MovieRow.swift */; };
		BBD80CA328D9F64000452151 /* Movie.swift in Sources */ = {isa = PBXBuildFile; fileRef = BBD80CA228D9F64000452151 /* Movie.swift */; };
		BBD80CA528DB081D00452151 /* AddMovieForm.swift in Sources */ = {isa = PBXBuildFile; fileRef = BBD80CA428DB081D00452151 /* AddMovieForm.swift */; };
		BBD80CA728DB2FA100452151 /* AddMovieButton.swift in Sources */ = {isa = PBXBuildFile; fileRef = BBD80CA628DB2FA100452151 /* AddMovieButton.swift */; };
/* End PBXBuildFile section */

/* Begin PBXFileReference section */
		BB2AB60028E5E51000168951 /* MovieViewModel.swift */ = {isa = PBXFileReference; lastKnownFileType = sourcecode.swift; path = MovieViewModel.swift; sourceTree = "<group>"; };
		BB72900328DB5F9C008DF59F /* AddToFavorite.swift */ = {isa = PBXFileReference; lastKnownFileType = sourcecode.swift; path = AddToFavorite.swift; sourceTree = "<group>"; };
		BB72900728DC8196008DF59F /* User.swift */ = {isa = PBXFileReference; lastKnownFileType = sourcecode.swift; path = User.swift; sourceTree = "<group>"; };
		BB72900B28DC84C9008DF59F /* UserDetail.swift */ = {isa = PBXFileReference; lastKnownFileType = sourcecode.swift; path = UserDetail.swift; sourceTree = "<group>"; };
		BB72900D28DC852A008DF59F /* UserThumbnail.swift */ = {isa = PBXFileReference; lastKnownFileType = sourcecode.swift; path = UserThumbnail.swift; sourceTree = "<group>"; };
		BBD80C8928D9B11E00452151 /* MyMoovies.app */ = {isa = PBXFileReference; explicitFileType = wrapper.application; includeInIndex = 0; path = MyMoovies.app; sourceTree = BUILT_PRODUCTS_DIR; };
		BBD80C8C28D9B11E00452151 /* MyMooviesApp.swift */ = {isa = PBXFileReference; lastKnownFileType = sourcecode.swift; path = MyMooviesApp.swift; sourceTree = "<group>"; };
		BBD80C8E28D9B11E00452151 /* ContentView.swift */ = {isa = PBXFileReference; lastKnownFileType = sourcecode.swift; path = ContentView.swift; sourceTree = "<group>"; };
		BBD80C9028D9B12100452151 /* Assets.xcassets */ = {isa = PBXFileReference; lastKnownFileType = folder.assetcatalog; path = Assets.xcassets; sourceTree = "<group>"; };
		BBD80C9328D9B12100452151 /* Preview Assets.xcassets */ = {isa = PBXFileReference; lastKnownFileType = folder.assetcatalog; path = "Preview Assets.xcassets"; sourceTree = "<group>"; };
		BBD80C9A28D9B14700452151 /* MovieDetail.swift */ = {isa = PBXFileReference; lastKnownFileType = sourcecode.swift; path = MovieDetail.swift; sourceTree = "<group>"; };
		BBD80C9C28D9C53800452151 /* MovieList.swift */ = {isa = PBXFileReference; lastKnownFileType = sourcecode.swift; path = MovieList.swift; sourceTree = "<group>"; };
		BBD80C9E28D9C57000452151 /* MovieRow.swift */ = {isa = PBXFileReference; lastKnownFileType = sourcecode.swift; path = MovieRow.swift; sourceTree = "<group>"; };
		BBD80CA228D9F64000452151 /* Movie.swift */ = {isa = PBXFileReference; lastKnownFileType = sourcecode.swift; path = Movie.swift; sourceTree = "<group>"; };
		BBD80CA428DB081D00452151 /* AddMovieForm.swift */ = {isa = PBXFileReference; lastKnownFileType = sourcecode.swift; path = AddMovieForm.swift; sourceTree = "<group>"; };
		BBD80CA628DB2FA100452151 /* AddMovieButton.swift */ = {isa = PBXFileReference; lastKnownFileType = sourcecode.swift; path = AddMovieButton.swift; sourceTree = "<group>"; };
/* End PBXFileReference section */

/* Begin PBXFrameworksBuildPhase section */
		BBD80C8628D9B11E00452151 /* Frameworks */ = {
			isa = PBXFrameworksBuildPhase;
			buildActionMask = 2147483647;
			files = (
			);
			runOnlyForDeploymentPostprocessing = 0;
		};
/* End PBXFrameworksBuildPhase section */

/* Begin PBXGroup section */
		BB2AB5FF28E5E45100168951 /* Model */ = {
			isa = PBXGroup;
			children = (
				BBD80CA228D9F64000452151 /* Movie.swift */,
				BB72900728DC8196008DF59F /* User.swift */,
			);
			path = Model;
			sourceTree = "<group>";
		};
		BB72900928DC8423008DF59F /* MovieList */ = {
			isa = PBXGroup;
			children = (
				BBD80C8E28D9B11E00452151 /* ContentView.swift */,
				BBD80C9C28D9C53800452151 /* MovieList.swift */,
				BBD80C9E28D9C57000452151 /* MovieRow.swift */,
				BBD80C9A28D9B14700452151 /* MovieDetail.swift */,
				BBD80CA428DB081D00452151 /* AddMovieForm.swift */,
				BBD80CA628DB2FA100452151 /* AddMovieButton.swift */,
				BB72900328DB5F9C008DF59F /* AddToFavorite.swift */,
			);
			path = MovieList;
			sourceTree = "<group>";
		};
		BB72900A28DC847A008DF59F /* User */ = {
			isa = PBXGroup;
			children = (
				BB72900B28DC84C9008DF59F /* UserDetail.swift */,
				BB72900D28DC852A008DF59F /* UserThumbnail.swift */,
			);
			path = User;
			sourceTree = "<group>";
		};
		BBD80C8028D9B11E00452151 = {
			isa = PBXGroup;
			children = (
				BBD80C8B28D9B11E00452151 /* MyMoovies */,
				BBD80C8A28D9B11E00452151 /* Products */,
			);
			sourceTree = "<group>";
		};
		BBD80C8A28D9B11E00452151 /* Products */ = {
			isa = PBXGroup;
			children = (
				BBD80C8928D9B11E00452151 /* MyMoovies.app */,
			);
			name = Products;
			sourceTree = "<group>";
		};
		BBD80C8B28D9B11E00452151 /* MyMoovies */ = {
			isa = PBXGroup;
			children = (
				BBD80C8C28D9B11E00452151 /* MyMooviesApp.swift */,
				BBD80CA028D9F5F600452151 /* Views */,
				BB2AB5FF28E5E45100168951 /* Model */,
				BBD80CA128D9F60A00452151 /* ViewModel */,
				BBD80C9028D9B12100452151 /* Assets.xcassets */,
				BBD80C9228D9B12100452151 /* Preview Content */,
			);
			path = MyMoovies;
			sourceTree = "<group>";
		};
		BBD80C9228D9B12100452151 /* Preview Content */ = {
			isa = PBXGroup;
			children = (
				BBD80C9328D9B12100452151 /* Preview Assets.xcassets */,
			);
			path = "Preview Content";
			sourceTree = "<group>";
		};
		BBD80CA028D9F5F600452151 /* Views */ = {
			isa = PBXGroup;
			children = (
				BB72900928DC8423008DF59F /* MovieList */,
				BB72900A28DC847A008DF59F /* User */,
			);
			path = Views;
			sourceTree = "<group>";
		};
		BBD80CA128D9F60A00452151 /* ViewModel */ = {
			isa = PBXGroup;
			children = (
				BB2AB60028E5E51000168951 /* MovieViewModel.swift */,
			);
			path = ViewModel;
			sourceTree = "<group>";
		};
/* End PBXGroup section */

/* Begin PBXNativeTarget section */
		BBD80C8828D9B11E00452151 /* MyMoovies */ = {
			isa = PBXNativeTarget;
			buildConfigurationList = BBD80C9728D9B12100452151 /* Build configuration list for PBXNativeTarget "MyMoovies" */;
			buildPhases = (
				BBD80C8528D9B11E00452151 /* Sources */,
				BBD80C8628D9B11E00452151 /* Frameworks */,
				BBD80C8728D9B11E00452151 /* Resources */,
			);
			buildRules = (
			);
			dependencies = (
			);
			name = MyMoovies;
			productName = MyMoovies;
			productReference = BBD80C8928D9B11E00452151 /* MyMoovies.app */;
			productType = "com.apple.product-type.application";
		};
/* End PBXNativeTarget section */

/* Begin PBXProject section */
		BBD80C8128D9B11E00452151 /* Project object */ = {
			isa = PBXProject;
			attributes = {
				BuildIndependentTargetsInParallel = 1;
				LastSwiftUpdateCheck = 1340;
				LastUpgradeCheck = 1340;
				TargetAttributes = {
					BBD80C8828D9B11E00452151 = {
						CreatedOnToolsVersion = 13.4.1;
					};
				};
			};
			buildConfigurationList = BBD80C8428D9B11E00452151 /* Build configuration list for PBXProject "MyMoovies" */;
			compatibilityVersion = "Xcode 13.0";
			developmentRegion = en;
			hasScannedForEncodings = 0;
			knownRegions = (
				en,
				Base,
			);
			mainGroup = BBD80C8028D9B11E00452151;
			productRefGroup = BBD80C8A28D9B11E00452151 /* Products */;
			projectDirPath = "";
			projectRoot = "";
			targets = (
				BBD80C8828D9B11E00452151 /* MyMoovies */,
			);
		};
/* End PBXProject section */

/* Begin PBXResourcesBuildPhase section */
		BBD80C8728D9B11E00452151 /* Resources */ = {
			isa = PBXResourcesBuildPhase;
			buildActionMask = 2147483647;
			files = (
				BBD80C9428D9B12100452151 /* Preview Assets.xcassets in Resources */,
				BBD80C9128D9B12100452151 /* Assets.xcassets in Resources */,
			);
			runOnlyForDeploymentPostprocessing = 0;
		};
/* End PBXResourcesBuildPhase section */

/* Begin PBXSourcesBuildPhase section */
		BBD80C8528D9B11E00452151 /* Sources */ = {
			isa = PBXSourcesBuildPhase;
			buildActionMask = 2147483647;
			files = (
				BB72900E28DC852A008DF59F /* UserThumbnail.swift in Sources */,
				BBD80C9B28D9B14700452151 /* MovieDetail.swift in Sources */,
				BB72900C28DC84C9008DF59F /* UserDetail.swift in Sources */,
				BBD80C9F28D9C57000452151 /* MovieRow.swift in Sources */,
				BBD80CA328D9F64000452151 /* Movie.swift in Sources */,
				BBD80C8F28D9B11E00452151 /* ContentView.swift in Sources */,
				BBD80CA728DB2FA100452151 /* AddMovieButton.swift in Sources */,
				BBD80CA528DB081D00452151 /* AddMovieForm.swift in Sources */,
				BBD80C9D28D9C53800452151 /* MovieList.swift in Sources */,
				BBD80C8D28D9B11E00452151 /* MyMooviesApp.swift in Sources */,
				BB2AB60128E5E51000168951 /* MovieViewModel.swift in Sources */,
				BB72900428DB5F9C008DF59F /* AddToFavorite.swift in Sources */,
				BB72900828DC8196008DF59F /* User.swift in Sources */,
			);
			runOnlyForDeploymentPostprocessing = 0;
		};
/* End PBXSourcesBuildPhase section */

/* Begin XCBuildConfiguration section */
		BBD80C9528D9B12100452151 /* Debug */ = {
			isa = XCBuildConfiguration;
			buildSettings = {
				ALWAYS_SEARCH_USER_PATHS = NO;
				CLANG_ANALYZER_NONNULL = YES;
				CLANG_ANALYZER_NUMBER_OBJECT_CONVERSION = YES_AGGRESSIVE;
				CLANG_CXX_LANGUAGE_STANDARD = "gnu++17";
				CLANG_ENABLE_MODULES = YES;
				CLANG_ENABLE_OBJC_ARC = YES;
				CLANG_ENABLE_OBJC_WEAK = YES;
				CLANG_WARN_BLOCK_CAPTURE_AUTORELEASING = YES;
				CLANG_WARN_BOOL_CONVERSION = YES;
				CLANG_WARN_COMMA = YES;
				CLANG_WARN_CONSTANT_CONVERSION = YES;
				CLANG_WARN_DEPRECATED_OBJC_IMPLEMENTATIONS = YES;
				CLANG_WARN_DIRECT_OBJC_ISA_USAGE = YES_ERROR;
				CLANG_WARN_DOCUMENTATION_COMMENTS = YES;
				CLANG_WARN_EMPTY_BODY = YES;
				CLANG_WARN_ENUM_CONVERSION = YES;
				CLANG_WARN_INFINITE_RECURSION = YES;
				CLANG_WARN_INT_CONVERSION = YES;
				CLANG_WARN_NON_LITERAL_NULL_CONVERSION = YES;
				CLANG_WARN_OBJC_IMPLICIT_RETAIN_SELF = YES;
				CLANG_WARN_OBJC_LITERAL_CONVERSION = YES;
				CLANG_WARN_OBJC_ROOT_CLASS = YES_ERROR;
				CLANG_WARN_QUOTED_INCLUDE_IN_FRAMEWORK_HEADER = YES;
				CLANG_WARN_RANGE_LOOP_ANALYSIS = YES;
				CLANG_WARN_STRICT_PROTOTYPES = YES;
				CLANG_WARN_SUSPICIOUS_MOVE = YES;
				CLANG_WARN_UNGUARDED_AVAILABILITY = YES_AGGRESSIVE;
				CLANG_WARN_UNREACHABLE_CODE = YES;
				CLANG_WARN__DUPLICATE_METHOD_MATCH = YES;
				COPY_PHASE_STRIP = NO;
				DEBUG_INFORMATION_FORMAT = dwarf;
				ENABLE_STRICT_OBJC_MSGSEND = YES;
				ENABLE_TESTABILITY = YES;
				GCC_C_LANGUAGE_STANDARD = gnu11;
				GCC_DYNAMIC_NO_PIC = NO;
				GCC_NO_COMMON_BLOCKS = YES;
				GCC_OPTIMIZATION_LEVEL = 0;
				GCC_PREPROCESSOR_DEFINITIONS = (
					"DEBUG=1",
					"$(inherited)",
				);
				GCC_WARN_64_TO_32_BIT_CONVERSION = YES;
				GCC_WARN_ABOUT_RETURN_TYPE = YES_ERROR;
				GCC_WARN_UNDECLARED_SELECTOR = YES;
				GCC_WARN_UNINITIALIZED_AUTOS = YES_AGGRESSIVE;
				GCC_WARN_UNUSED_FUNCTION = YES;
				GCC_WARN_UNUSED_VARIABLE = YES;
				IPHONEOS_DEPLOYMENT_TARGET = 15.5;
				MTL_ENABLE_DEBUG_INFO = INCLUDE_SOURCE;
				MTL_FAST_MATH = YES;
				ONLY_ACTIVE_ARCH = YES;
				SDKROOT = iphoneos;
				SWIFT_ACTIVE_COMPILATION_CONDITIONS = DEBUG;
				SWIFT_OPTIMIZATION_LEVEL = "-Onone";
			};
			name = Debug;
		};
		BBD80C9628D9B12100452151 /* Release */ = {
			isa = XCBuildConfiguration;
			buildSettings = {
				ALWAYS_SEARCH_USER_PATHS = NO;
				CLANG_ANALYZER_NONNULL = YES;
				CLANG_ANALYZER_NUMBER_OBJECT_CONVERSION = YES_AGGRESSIVE;
				CLANG_CXX_LANGUAGE_STANDARD = "gnu++17";
				CLANG_ENABLE_MODULES = YES;
				CLANG_ENABLE_OBJC_ARC = YES;
				CLANG_ENABLE_OBJC_WEAK = YES;
				CLANG_WARN_BLOCK_CAPTURE_AUTORELEASING = YES;
				CLANG_WARN_BOOL_CONVERSION = YES;
				CLANG_WARN_COMMA = YES;
				CLANG_WARN_CONSTANT_CONVERSION = YES;
				CLANG_WARN_DEPRECATED_OBJC_IMPLEMENTATIONS = YES;
				CLANG_WARN_DIRECT_OBJC_ISA_USAGE = YES_ERROR;
				CLANG_WARN_DOCUMENTATION_COMMENTS = YES;
				CLANG_WARN_EMPTY_BODY = YES;
				CLANG_WARN_ENUM_CONVERSION = YES;
				CLANG_WARN_INFINITE_RECURSION = YES;
				CLANG_WARN_INT_CONVERSION = YES;
				CLANG_WARN_NON_LITERAL_NULL_CONVERSION = YES;
				CLANG_WARN_OBJC_IMPLICIT_RETAIN_SELF = YES;
				CLANG_WARN_OBJC_LITERAL_CONVERSION = YES;
				CLANG_WARN_OBJC_ROOT_CLASS = YES_ERROR;
				CLANG_WARN_QUOTED_INCLUDE_IN_FRAMEWORK_HEADER = YES;
				CLANG_WARN_RANGE_LOOP_ANALYSIS = YES;
				CLANG_WARN_STRICT_PROTOTYPES = YES;
				CLANG_WARN_SUSPICIOUS_MOVE = YES;
				CLANG_WARN_UNGUARDED_AVAILABILITY = YES_AGGRESSIVE;
				CLANG_WARN_UNREACHABLE_CODE = YES;
				CLANG_WARN__DUPLICATE_METHOD_MATCH = YES;
				COPY_PHASE_STRIP = NO;
				DEBUG_INFORMATION_FORMAT = "dwarf-with-dsym";
				ENABLE_NS_ASSERTIONS = NO;
				ENABLE_STRICT_OBJC_MSGSEND = YES;
				GCC_C_LANGUAGE_STANDARD = gnu11;
				GCC_NO_COMMON_BLOCKS = YES;
				GCC_WARN_64_TO_32_BIT_CONVERSION = YES;
				GCC_WARN_ABOUT_RETURN_TYPE = YES_ERROR;
				GCC_WARN_UNDECLARED_SELECTOR = YES;
				GCC_WARN_UNINITIALIZED_AUTOS = YES_AGGRESSIVE;
				GCC_WARN_UNUSED_FUNCTION = YES;
				GCC_WARN_UNUSED_VARIABLE = YES;
				IPHONEOS_DEPLOYMENT_TARGET = 15.5;
				MTL_ENABLE_DEBUG_INFO = NO;
				MTL_FAST_MATH = YES;
				SDKROOT = iphoneos;
				SWIFT_COMPILATION_MODE = wholemodule;
				SWIFT_OPTIMIZATION_LEVEL = "-O";
				VALIDATE_PRODUCT = YES;
			};
			name = Release;
		};
		BBD80C9828D9B12100452151 /* Debug */ = {
			isa = XCBuildConfiguration;
			buildSettings = {
				ASSETCATALOG_COMPILER_APPICON_NAME = AppIcon;
				ASSETCATALOG_COMPILER_GLOBAL_ACCENT_COLOR_NAME = AccentColor;
				CODE_SIGN_STYLE = Automatic;
				CURRENT_PROJECT_VERSION = 1;
				DEVELOPMENT_ASSET_PATHS = "\"MyMoovies/Preview Content\"";
				DEVELOPMENT_TEAM = PNNF7SDSX3;
				ENABLE_PREVIEWS = YES;
				GENERATE_INFOPLIST_FILE = YES;
				INFOPLIST_KEY_UIApplicationSceneManifest_Generation = YES;
				INFOPLIST_KEY_UIApplicationSupportsIndirectInputEvents = YES;
				INFOPLIST_KEY_UILaunchScreen_Generation = YES;
				INFOPLIST_KEY_UISupportedInterfaceOrientations_iPad = "UIInterfaceOrientationPortrait UIInterfaceOrientationPortraitUpsideDown UIInterfaceOrientationLandscapeLeft UIInterfaceOrientationLandscapeRight";
				INFOPLIST_KEY_UISupportedInterfaceOrientations_iPhone = "UIInterfaceOrientationPortrait UIInterfaceOrientationLandscapeLeft UIInterfaceOrientationLandscapeRight";
				LD_RUNPATH_SEARCH_PATHS = (
					"$(inherited)",
					"@executable_path/Frameworks",
				);
				MARKETING_VERSION = 1.0;
				PRODUCT_BUNDLE_IDENTIFIER = nydina.MyMoovies;
				PRODUCT_NAME = "$(TARGET_NAME)";
				SWIFT_EMIT_LOC_STRINGS = YES;
				SWIFT_VERSION = 5.0;
				TARGETED_DEVICE_FAMILY = "1,2";
			};
			name = Debug;
		};
		BBD80C9928D9B12100452151 /* Release */ = {
			isa = XCBuildConfiguration;
			buildSettings = {
				ASSETCATALOG_COMPILER_APPICON_NAME = AppIcon;
				ASSETCATALOG_COMPILER_GLOBAL_ACCENT_COLOR_NAME = AccentColor;
				CODE_SIGN_STYLE = Automatic;
				CURRENT_PROJECT_VERSION = 1;
				DEVELOPMENT_ASSET_PATHS = "\"MyMoovies/Preview Content\"";
				DEVELOPMENT_TEAM = PNNF7SDSX3;
				ENABLE_PREVIEWS = YES;
				GENERATE_INFOPLIST_FILE = YES;
				INFOPLIST_KEY_UIApplicationSceneManifest_Generation = YES;
				INFOPLIST_KEY_UIApplicationSupportsIndirectInputEvents = YES;
				INFOPLIST_KEY_UILaunchScreen_Generation = YES;
				INFOPLIST_KEY_UISupportedInterfaceOrientations_iPad = "UIInterfaceOrientationPortrait UIInterfaceOrientationPortraitUpsideDown UIInterfaceOrientationLandscapeLeft UIInterfaceOrientationLandscapeRight";
				INFOPLIST_KEY_UISupportedInterfaceOrientations_iPhone = "UIInterfaceOrientationPortrait UIInterfaceOrientationLandscapeLeft UIInterfaceOrientationLandscapeRight";
				LD_RUNPATH_SEARCH_PATHS = (
					"$(inherited)",
					"@executable_path/Frameworks",
				);
				MARKETING_VERSION = 1.0;
				PRODUCT_BUNDLE_IDENTIFIER = nydina.MyMoovies;
				PRODUCT_NAME = "$(TARGET_NAME)";
				SWIFT_EMIT_LOC_STRINGS = YES;
				SWIFT_VERSION = 5.0;
				TARGETED_DEVICE_FAMILY = "1,2";
			};
			name = Release;
		};
/* End XCBuildConfiguration section */

/* Begin XCConfigurationList section */
		BBD80C8428D9B11E00452151 /* Build configuration list for PBXProject "MyMoovies" */ = {
			isa = XCConfigurationList;
			buildConfigurations = (
				BBD80C9528D9B12100452151 /* Debug */,
				BBD80C9628D9B12100452151 /* Release */,
			);
			defaultConfigurationIsVisible = 0;
			defaultConfigurationName = Release;
		};
		BBD80C9728D9B12100452151 /* Build configuration list for PBXNativeTarget "MyMoovies" */ = {
			isa = XCConfigurationList;
			buildConfigurations = (
				BBD80C9828D9B12100452151 /* Debug */,
				BBD80C9928D9B12100452151 /* Release */,
			);
			defaultConfigurationIsVisible = 0;
			defaultConfigurationName = Release;
		};
/* End XCConfigurationList section */
	};
	rootObject = BBD80C8128D9B11E00452151 /* Project object */;
}
